
Microsoft Visual Studio Solution File, Format Version 12.00
# Visual Studio Version 16
VisualStudioVersion = 16.0.29411.108
MinimumVisualStudioVersion = 10.0.40219.1
Project("{FAE04EC0-301F-11D3-BF4B-00C04F79EFBC}") = "es1", "es1\es1.csproj", "{50939843-321D-4E06-981E-72542A509167}"
EndProject
Global
	GlobalSection(SolutionConfigurationPlatforms) = preSolution
		Debug|Any CPU = Debug|Any CPU
		Release|Any CPU = Release|Any CPU
	EndGlobalSection
	GlobalSection(ProjectConfigurationPlatforms) = postSolution
		{50939843-321D-4E06-981E-72542A509167}.Debug|Any CPU.ActiveCfg = Debug|Any CPU
		{50939843-321D-4E06-981E-72542A509167}.Debug|Any CPU.Build.0 = Debug|Any CPU
		{50939843-321D-4E06-981E-72542A509167}.Release|Any CPU.ActiveCfg = Release|Any CPU
		{50939843-321D-4E06-981E-72542A509167}.Release|Any CPU.Build.0 = Release|Any CPU
	EndGlobalSection
	GlobalSection(SolutionProperties) = preSolution
		HideSolutionNode = FALSE
	EndGlobalSection
	GlobalSection(ExtensibilityGlobals) = postSolution
		SolutionGuid = {F9065F0D-97C9-4B50-A609-8D9F8D825EAC}
	EndGlobalSection
EndGlobal
